// !$*UTF8*$!
{
	archiveVersion = 1;
	classes = {
	};
	objectVersion = 56;
	objects = {

/* Begin PBXBuildFile section */
		8F9D5F112A37BC9200B38887 /* ContentView.swift in Sources */ = {isa = PBXBuildFile; fileRef = 8F9D5F102A37BC9200B38887 /* ContentView.swift */; };
		8F9D5F132A37BC9400B38887 /* Assets.xcassets in Resources */ = {isa = PBXBuildFile; fileRef = 8F9D5F122A37BC9400B38887 /* Assets.xcassets */; };
		8F9D5F162A37BC9400B38887 /* Preview Assets.xcassets in Resources */ = {isa = PBXBuildFile; fileRef = 8F9D5F152A37BC9400B38887 /* Preview Assets.xcassets */; };
		8F9D5F202A37BE0600B38887 /* MyApp.swift in Sources */ = {isa = PBXBuildFile; fileRef = 8F9D5F1F2A37BE0600B38887 /* MyApp.swift */; };
		8F9D5F222A37BE3300B38887 /* AnimationView.swift in Sources */ = {isa = PBXBuildFile; fileRef = 8F9D5F212A37BE3300B38887 /* AnimationView.swift */; };
		8F9D5F242A37BE4400B38887 /* Control.swift in Sources */ = {isa = PBXBuildFile; fileRef = 8F9D5F232A37BE4400B38887 /* Control.swift */; };
		8F9D5F262A37BE5C00B38887 /* EmptyPeople.swift in Sources */ = {isa = PBXBuildFile; fileRef = 8F9D5F252A37BE5C00B38887 /* EmptyPeople.swift */; };
		8F9D5F282A37BE6D00B38887 /* Insanity.swift in Sources */ = {isa = PBXBuildFile; fileRef = 8F9D5F272A37BE6D00B38887 /* Insanity.swift */; };
		8F9D5F2A2A37BE7900B38887 /* IntroDoor.swift in Sources */ = {isa = PBXBuildFile; fileRef = 8F9D5F292A37BE7900B38887 /* IntroDoor.swift */; };
		8F9D5F2C2A37BE9200B38887 /* Isolation.swift in Sources */ = {isa = PBXBuildFile; fileRef = 8F9D5F2B2A37BE9200B38887 /* Isolation.swift */; };
		8F9D5F2E2A37BEA800B38887 /* Large Door.swift in Sources */ = {isa = PBXBuildFile; fileRef = 8F9D5F2D2A37BEA800B38887 /* Large Door.swift */; };
		8F9D5F302A37BEB800B38887 /* LiquidRelations.swift in Sources */ = {isa = PBXBuildFile; fileRef = 8F9D5F2F2A37BEB800B38887 /* LiquidRelations.swift */; };
		8F9D5F322A37BEDB00B38887 /* MainView.swift in Sources */ = {isa = PBXBuildFile; fileRef = 8F9D5F312A37BEDB00B38887 /* MainView.swift */; };
		8F9D5F342A37BEED00B38887 /* SucessEnd1.swift in Sources */ = {isa = PBXBuildFile; fileRef = 8F9D5F332A37BEED00B38887 /* SucessEnd1.swift */; };
/* End PBXBuildFile section */

/* Begin PBXFileReference section */
		8F9D5F0B2A37BC9200B38887 /* Oneirophobia.app */ = {isa = PBXFileReference; explicitFileType = wrapper.application; includeInIndex = 0; path = Oneirophobia.app; sourceTree = BUILT_PRODUCTS_DIR; };
		8F9D5F102A37BC9200B38887 /* ContentView.swift */ = {isa = PBXFileReference; lastKnownFileType = sourcecode.swift; path = ContentView.swift; sourceTree = "<group>"; };
		8F9D5F122A37BC9400B38887 /* Assets.xcassets */ = {isa = PBXFileReference; lastKnownFileType = folder.assetcatalog; path = Assets.xcassets; sourceTree = "<group>"; };
		8F9D5F152A37BC9400B38887 /* Preview Assets.xcassets */ = {isa = PBXFileReference; lastKnownFileType = folder.assetcatalog; path = "Preview Assets.xcassets"; sourceTree = "<group>"; };
		8F9D5F1F2A37BE0600B38887 /* MyApp.swift */ = {isa = PBXFileReference; lastKnownFileType = sourcecode.swift; path = MyApp.swift; sourceTree = "<group>"; };
		8F9D5F212A37BE3300B38887 /* AnimationView.swift */ = {isa = PBXFileReference; lastKnownFileType = sourcecode.swift; path = AnimationView.swift; sourceTree = "<group>"; };
		8F9D5F232A37BE4400B38887 /* Control.swift */ = {isa = PBXFileReference; lastKnownFileType = sourcecode.swift; path = Control.swift; sourceTree = "<group>"; };
		8F9D5F252A37BE5C00B38887 /* EmptyPeople.swift */ = {isa = PBXFileReference; lastKnownFileType = sourcecode.swift; path = EmptyPeople.swift; sourceTree = "<group>"; };
		8F9D5F272A37BE6D00B38887 /* Insanity.swift */ = {isa = PBXFileReference; lastKnownFileType = sourcecode.swift; path = Insanity.swift; sourceTree = "<group>"; };
		8F9D5F292A37BE7900B38887 /* IntroDoor.swift */ = {isa = PBXFileReference; lastKnownFileType = sourcecode.swift; path = IntroDoor.swift; sourceTree = "<group>"; };
		8F9D5F2B2A37BE9200B38887 /* Isolation.swift */ = {isa = PBXFileReference; lastKnownFileType = sourcecode.swift; path = Isolation.swift; sourceTree = "<group>"; };
		8F9D5F2D2A37BEA800B38887 /* Large Door.swift */ = {isa = PBXFileReference; lastKnownFileType = sourcecode.swift; path = "Large Door.swift"; sourceTree = "<group>"; };
		8F9D5F2F2A37BEB800B38887 /* LiquidRelations.swift */ = {isa = PBXFileReference; lastKnownFileType = sourcecode.swift; path = LiquidRelations.swift; sourceTree = "<group>"; };
		8F9D5F312A37BEDB00B38887 /* MainView.swift */ = {isa = PBXFileReference; lastKnownFileType = sourcecode.swift; path = MainView.swift; sourceTree = "<group>"; };
		8F9D5F332A37BEED00B38887 /* SucessEnd1.swift */ = {isa = PBXFileReference; lastKnownFileType = sourcecode.swift; path = SucessEnd1.swift; sourceTree = "<group>"; };
/* End PBXFileReference section */

/* Begin PBXFrameworksBuildPhase section */
		8F9D5F082A37BC9200B38887 /* Frameworks */ = {
			isa = PBXFrameworksBuildPhase;
			buildActionMask = 2147483647;
			files = (
			);
			runOnlyForDeploymentPostprocessing = 0;
		};
/* End PBXFrameworksBuildPhase section */

/* Begin PBXGroup section */
		8F9D5F022A37BC9200B38887 = {
			isa = PBXGroup;
			children = (
				8F9D5F0D2A37BC9200B38887 /* Oneirophobia */,
				8F9D5F0C2A37BC9200B38887 /* Products */,
			);
			sourceTree = "<group>";
		};
		8F9D5F0C2A37BC9200B38887 /* Products */ = {
			isa = PBXGroup;
			children = (
				8F9D5F0B2A37BC9200B38887 /* Oneirophobia.app */,
			);
			name = Products;
			sourceTree = "<group>";
		};
		8F9D5F0D2A37BC9200B38887 /* Oneirophobia */ = {
			isa = PBXGroup;
			children = (
				8F9D5F1F2A37BE0600B38887 /* MyApp.swift */,
				8F9D5F102A37BC9200B38887 /* ContentView.swift */,
				8F9D5F122A37BC9400B38887 /* Assets.xcassets */,
				8F9D5F142A37BC9400B38887 /* Preview Content */,
				8F9D5F212A37BE3300B38887 /* AnimationView.swift */,
				8F9D5F232A37BE4400B38887 /* Control.swift */,
				8F9D5F252A37BE5C00B38887 /* EmptyPeople.swift */,
				8F9D5F272A37BE6D00B38887 /* Insanity.swift */,
				8F9D5F292A37BE7900B38887 /* IntroDoor.swift */,
				8F9D5F2B2A37BE9200B38887 /* Isolation.swift */,
				8F9D5F2D2A37BEA800B38887 /* Large Door.swift */,
				8F9D5F2F2A37BEB800B38887 /* LiquidRelations.swift */,
				8F9D5F312A37BEDB00B38887 /* MainView.swift */,
				8F9D5F332A37BEED00B38887 /* SucessEnd1.swift */,
			);
			path = Oneirophobia;
			sourceTree = "<group>";
		};
		8F9D5F142A37BC9400B38887 /* Preview Content */ = {
			isa = PBXGroup;
			children = (
				8F9D5F152A37BC9400B38887 /* Preview Assets.xcassets */,
			);
			path = "Preview Content";
			sourceTree = "<group>";
		};
/* End PBXGroup section */

/* Begin PBXNativeTarget section */
		8F9D5F0A2A37BC9200B38887 /* Oneirophobia */ = {
			isa = PBXNativeTarget;
			buildConfigurationList = 8F9D5F192A37BC9400B38887 /* Build configuration list for PBXNativeTarget "Oneirophobia" */;
			buildPhases = (
				8F9D5F072A37BC9200B38887 /* Sources */,
				8F9D5F082A37BC9200B38887 /* Frameworks */,
				8F9D5F092A37BC9200B38887 /* Resources */,
			);
			buildRules = (
			);
			dependencies = (
			);
			name = Oneirophobia;
			productName = Oneirophobia;
			productReference = 8F9D5F0B2A37BC9200B38887 /* Oneirophobia.app */;
			productType = "com.apple.product-type.application";
		};
/* End PBXNativeTarget section */

/* Begin PBXProject section */
		8F9D5F032A37BC9200B38887 /* Project object */ = {
			isa = PBXProject;
			attributes = {
				BuildIndependentTargetsInParallel = 1;
				LastSwiftUpdateCheck = 1430;
				LastUpgradeCheck = 1430;
				TargetAttributes = {
					8F9D5F0A2A37BC9200B38887 = {
						CreatedOnToolsVersion = 14.3.1;
					};
				};
			};
			buildConfigurationList = 8F9D5F062A37BC9200B38887 /* Build configuration list for PBXProject "Oneirophobia" */;
			compatibilityVersion = "Xcode 14.0";
			developmentRegion = en;
			hasScannedForEncodings = 0;
			knownRegions = (
				en,
				Base,
			);
			mainGroup = 8F9D5F022A37BC9200B38887;
			productRefGroup = 8F9D5F0C2A37BC9200B38887 /* Products */;
			projectDirPath = "";
			projectRoot = "";
			targets = (
				8F9D5F0A2A37BC9200B38887 /* Oneirophobia */,
			);
		};
/* End PBXProject section */

/* Begin PBXResourcesBuildPhase section */
		8F9D5F092A37BC9200B38887 /* Resources */ = {
			isa = PBXResourcesBuildPhase;
			buildActionMask = 2147483647;
			files = (
				8F9D5F162A37BC9400B38887 /* Preview Assets.xcassets in Resources */,
				8F9D5F132A37BC9400B38887 /* Assets.xcassets in Resources */,
			);
			runOnlyForDeploymentPostprocessing = 0;
		};
/* End PBXResourcesBuildPhase section */

/* Begin PBXSourcesBuildPhase section */
		8F9D5F072A37BC9200B38887 /* Sources */ = {
			isa = PBXSourcesBuildPhase;
			buildActionMask = 2147483647;
			files = (
				8F9D5F282A37BE6D00B38887 /* Insanity.swift in Sources */,
				8F9D5F342A37BEED00B38887 /* SucessEnd1.swift in Sources */,
				8F9D5F222A37BE3300B38887 /* AnimationView.swift in Sources */,
				8F9D5F262A37BE5C00B38887 /* EmptyPeople.swift in Sources */,
				8F9D5F242A37BE4400B38887 /* Control.swift in Sources */,
				8F9D5F2C2A37BE9200B38887 /* Isolation.swift in Sources */,
				8F9D5F112A37BC9200B38887 /* ContentView.swift in Sources */,
				8F9D5F202A37BE0600B38887 /* MyApp.swift in Sources */,
				8F9D5F322A37BEDB00B38887 /* MainView.swift in Sources */,
				8F9D5F302A37BEB800B38887 /* LiquidRelations.swift in Sources */,
				8F9D5F2E2A37BEA800B38887 /* Large Door.swift in Sources */,
				8F9D5F2A2A37BE7900B38887 /* IntroDoor.swift in Sources */,
			);
			runOnlyForDeploymentPostprocessing = 0;
		};
/* End PBXSourcesBuildPhase section */

/* Begin XCBuildConfiguration section */
		8F9D5F172A37BC9400B38887 /* Debug */ = {
			isa = XCBuildConfiguration;
			buildSettings = {
				ALWAYS_SEARCH_USER_PATHS = NO;
				CLANG_ANALYZER_NONNULL = YES;
				CLANG_ANALYZER_NUMBER_OBJECT_CONVERSION = YES_AGGRESSIVE;
				CLANG_CXX_LANGUAGE_STANDARD = "gnu++20";
				CLANG_ENABLE_MODULES = YES;
				CLANG_ENABLE_OBJC_ARC = YES;
				CLANG_ENABLE_OBJC_WEAK = YES;
				CLANG_WARN_BLOCK_CAPTURE_AUTORELEASING = YES;
				CLANG_WARN_BOOL_CONVERSION = YES;
				CLANG_WARN_COMMA = YES;
				CLANG_WARN_CONSTANT_CONVERSION = YES;
				CLANG_WARN_DEPRECATED_OBJC_IMPLEMENTATIONS = YES;
				CLANG_WARN_DIRECT_OBJC_ISA_USAGE = YES_ERROR;
				CLANG_WARN_DOCUMENTATION_COMMENTS = YES;
				CLANG_WARN_EMPTY_BODY = YES;
				CLANG_WARN_ENUM_CONVERSION = YES;
				CLANG_WARN_INFINITE_RECURSION = YES;
				CLANG_WARN_INT_CONVERSION = YES;
				CLANG_WARN_NON_LITERAL_NULL_CONVERSION = YES;
				CLANG_WARN_OBJC_IMPLICIT_RETAIN_SELF = YES;
				CLANG_WARN_OBJC_LITERAL_CONVERSION = YES;
				CLANG_WARN_OBJC_ROOT_CLASS = YES_ERROR;
				CLANG_WARN_QUOTED_INCLUDE_IN_FRAMEWORK_HEADER = YES;
				CLANG_WARN_RANGE_LOOP_ANALYSIS = YES;
				CLANG_WARN_STRICT_PROTOTYPES = YES;
				CLANG_WARN_SUSPICIOUS_MOVE = YES;
				CLANG_WARN_UNGUARDED_AVAILABILITY = YES_AGGRESSIVE;
				CLANG_WARN_UNREACHABLE_CODE = YES;
				CLANG_WARN__DUPLICATE_METHOD_MATCH = YES;
				COPY_PHASE_STRIP = NO;
				DEBUG_INFORMATION_FORMAT = dwarf;
				ENABLE_STRICT_OBJC_MSGSEND = YES;
				ENABLE_TESTABILITY = YES;
				GCC_C_LANGUAGE_STANDARD = gnu11;
				GCC_DYNAMIC_NO_PIC = NO;
				GCC_NO_COMMON_BLOCKS = YES;
				GCC_OPTIMIZATION_LEVEL = 0;
				GCC_PREPROCESSOR_DEFINITIONS = (
					"DEBUG=1",
					"$(inherited)",
				);
				GCC_WARN_64_TO_32_BIT_CONVERSION = YES;
				GCC_WARN_ABOUT_RETURN_TYPE = YES_ERROR;
				GCC_WARN_UNDECLARED_SELECTOR = YES;
				GCC_WARN_UNINITIALIZED_AUTOS = YES_AGGRESSIVE;
				GCC_WARN_UNUSED_FUNCTION = YES;
				GCC_WARN_UNUSED_VARIABLE = YES;
				IPHONEOS_DEPLOYMENT_TARGET = 16.4;
				MTL_ENABLE_DEBUG_INFO = INCLUDE_SOURCE;
				MTL_FAST_MATH = YES;
				ONLY_ACTIVE_ARCH = YES;
				SDKROOT = iphoneos;
				SWIFT_ACTIVE_COMPILATION_CONDITIONS = DEBUG;
				SWIFT_OPTIMIZATION_LEVEL = "-Onone";
			};
			name = Debug;
		};
		8F9D5F182A37BC9400B38887 /* Release */ = {
			isa = XCBuildConfiguration;
			buildSettings = {
				ALWAYS_SEARCH_USER_PATHS = NO;
				CLANG_ANALYZER_NONNULL = YES;
				CLANG_ANALYZER_NUMBER_OBJECT_CONVERSION = YES_AGGRESSIVE;
				CLANG_CXX_LANGUAGE_STANDARD = "gnu++20";
				CLANG_ENABLE_MODULES = YES;
				CLANG_ENABLE_OBJC_ARC = YES;
				CLANG_ENABLE_OBJC_WEAK = YES;
				CLANG_WARN_BLOCK_CAPTURE_AUTORELEASING = YES;
				CLANG_WARN_BOOL_CONVERSION = YES;
				CLANG_WARN_COMMA = YES;
				CLANG_WARN_CONSTANT_CONVERSION = YES;
				CLANG_WARN_DEPRECATED_OBJC_IMPLEMENTATIONS = YES;
				CLANG_WARN_DIRECT_OBJC_ISA_USAGE = YES_ERROR;
				CLANG_WARN_DOCUMENTATION_COMMENTS = YES;
				CLANG_WARN_EMPTY_BODY = YES;
				CLANG_WARN_ENUM_CONVERSION = YES;
				CLANG_WARN_INFINITE_RECURSION = YES;
				CLANG_WARN_INT_CONVERSION = YES;
				CLANG_WARN_NON_LITERAL_NULL_CONVERSION = YES;
				CLANG_WARN_OBJC_IMPLICIT_RETAIN_SELF = YES;
				CLANG_WARN_OBJC_LITERAL_CONVERSION = YES;
				CLANG_WARN_OBJC_ROOT_CLASS = YES_ERROR;
				CLANG_WARN_QUOTED_INCLUDE_IN_FRAMEWORK_HEADER = YES;
				CLANG_WARN_RANGE_LOOP_ANALYSIS = YES;
				CLANG_WARN_STRICT_PROTOTYPES = YES;
				CLANG_WARN_SUSPICIOUS_MOVE = YES;
				CLANG_WARN_UNGUARDED_AVAILABILITY = YES_AGGRESSIVE;
				CLANG_WARN_UNREACHABLE_CODE = YES;
				CLANG_WARN__DUPLICATE_METHOD_MATCH = YES;
				COPY_PHASE_STRIP = NO;
				DEBUG_INFORMATION_FORMAT = "dwarf-with-dsym";
				ENABLE_NS_ASSERTIONS = NO;
				ENABLE_STRICT_OBJC_MSGSEND = YES;
				GCC_C_LANGUAGE_STANDARD = gnu11;
				GCC_NO_COMMON_BLOCKS = YES;
				GCC_WARN_64_TO_32_BIT_CONVERSION = YES;
				GCC_WARN_ABOUT_RETURN_TYPE = YES_ERROR;
				GCC_WARN_UNDECLARED_SELECTOR = YES;
				GCC_WARN_UNINITIALIZED_AUTOS = YES_AGGRESSIVE;
				GCC_WARN_UNUSED_FUNCTION = YES;
				GCC_WARN_UNUSED_VARIABLE = YES;
				IPHONEOS_DEPLOYMENT_TARGET = 16.4;
				MTL_ENABLE_DEBUG_INFO = NO;
				MTL_FAST_MATH = YES;
				SDKROOT = iphoneos;
				SWIFT_COMPILATION_MODE = wholemodule;
				SWIFT_OPTIMIZATION_LEVEL = "-O";
				VALIDATE_PRODUCT = YES;
			};
			name = Release;
		};
		8F9D5F1A2A37BC9400B38887 /* Debug */ = {
			isa = XCBuildConfiguration;
			buildSettings = {
				ASSETCATALOG_COMPILER_APPICON_NAME = AppIcon;
				ASSETCATALOG_COMPILER_GLOBAL_ACCENT_COLOR_NAME = AccentColor;
				CODE_SIGN_STYLE = Automatic;
				CURRENT_PROJECT_VERSION = 1;
				DEVELOPMENT_ASSET_PATHS = "\"Oneirophobia/Preview Content\"";
				DEVELOPMENT_TEAM = D94U49X98V;
				ENABLE_PREVIEWS = YES;
				GENERATE_INFOPLIST_FILE = YES;
				INFOPLIST_KEY_UIApplicationSceneManifest_Generation = YES;
				INFOPLIST_KEY_UIApplicationSupportsIndirectInputEvents = YES;
				INFOPLIST_KEY_UILaunchScreen_Generation = YES;
				INFOPLIST_KEY_UISupportedInterfaceOrientations_iPad = "UIInterfaceOrientationPortrait UIInterfaceOrientationPortraitUpsideDown UIInterfaceOrientationLandscapeLeft UIInterfaceOrientationLandscapeRight";
				INFOPLIST_KEY_UISupportedInterfaceOrientations_iPhone = "UIInterfaceOrientationPortrait UIInterfaceOrientationLandscapeLeft UIInterfaceOrientationLandscapeRight";
				LD_RUNPATH_SEARCH_PATHS = (
					"$(inherited)",
					"@executable_path/Frameworks",
				);
				MARKETING_VERSION = 1.0;
				PRODUCT_BUNDLE_IDENTIFIER = thiagoliporace.Oneirophobia;
				PRODUCT_NAME = "$(TARGET_NAME)";
				SWIFT_EMIT_LOC_STRINGS = YES;
				SWIFT_VERSION = 5.0;
				TARGETED_DEVICE_FAMILY = "1,2";
			};
			name = Debug;
		};
		8F9D5F1B2A37BC9400B38887 /* Release */ = {
			isa = XCBuildConfiguration;
			buildSettings = {
				ASSETCATALOG_COMPILER_APPICON_NAME = AppIcon;
				ASSETCATALOG_COMPILER_GLOBAL_ACCENT_COLOR_NAME = AccentColor;
				CODE_SIGN_STYLE = Automatic;
				CURRENT_PROJECT_VERSION = 1;
				DEVELOPMENT_ASSET_PATHS = "\"Oneirophobia/Preview Content\"";
				DEVELOPMENT_TEAM = D94U49X98V;
				ENABLE_PREVIEWS = YES;
				GENERATE_INFOPLIST_FILE = YES;
				INFOPLIST_KEY_UIApplicationSceneManifest_Generation = YES;
				INFOPLIST_KEY_UIApplicationSupportsIndirectInputEvents = YES;
				INFOPLIST_KEY_UILaunchScreen_Generation = YES;
				INFOPLIST_KEY_UISupportedInterfaceOrientations_iPad = "UIInterfaceOrientationPortrait UIInterfaceOrientationPortraitUpsideDown UIInterfaceOrientationLandscapeLeft UIInterfaceOrientationLandscapeRight";
				INFOPLIST_KEY_UISupportedInterfaceOrientations_iPhone = "UIInterfaceOrientationPortrait UIInterfaceOrientationLandscapeLeft UIInterfaceOrientationLandscapeRight";
				LD_RUNPATH_SEARCH_PATHS = (
					"$(inherited)",
					"@executable_path/Frameworks",
				);
				MARKETING_VERSION = 1.0;
				PRODUCT_BUNDLE_IDENTIFIER = thiagoliporace.Oneirophobia;
				PRODUCT_NAME = "$(TARGET_NAME)";
				SWIFT_EMIT_LOC_STRINGS = YES;
				SWIFT_VERSION = 5.0;
				TARGETED_DEVICE_FAMILY = "1,2";
			};
			name = Release;
		};
/* End XCBuildConfiguration section */

/* Begin XCConfigurationList section */
		8F9D5F062A37BC9200B38887 /* Build configuration list for PBXProject "Oneirophobia" */ = {
			isa = XCConfigurationList;
			buildConfigurations = (
				8F9D5F172A37BC9400B38887 /* Debug */,
				8F9D5F182A37BC9400B38887 /* Release */,
			);
			defaultConfigurationIsVisible = 0;
			defaultConfigurationName = Release;
		};
		8F9D5F192A37BC9400B38887 /* Build configuration list for PBXNativeTarget "Oneirophobia" */ = {
			isa = XCConfigurationList;
			buildConfigurations = (
				8F9D5F1A2A37BC9400B38887 /* Debug */,
				8F9D5F1B2A37BC9400B38887 /* Release */,
			);
			defaultConfigurationIsVisible = 0;
			defaultConfigurationName = Release;
		};
/* End XCConfigurationList section */
	};
	rootObject = 8F9D5F032A37BC9200B38887 /* Project object */;
}
